
Microsoft Visual Studio Solution File, Format Version 12.00
# Visual Studio 15
Project("{FAE04EC0-301F-11D3-BF4B-00C04F79EFBC}") = "Assembly-CSharp", "Assembly-CSharp.csproj", "{D047B67C-822A-2EB8-2194-ED463D60D869}"
EndProject
Project("{FAE04EC0-301F-11D3-BF4B-00C04F79EFBC}") = "Assembly-CSharp-firstpass", "Assembly-CSharp-firstpass.csproj", "{3C83D1AB-8285-DF0D-3ADF-7147862C05CB}"
EndProject
Project("{FAE04EC0-301F-11D3-BF4B-00C04F79EFBC}") = "Assembly-CSharp-Editor", "Assembly-CSharp-Editor.csproj", "{2C1377E9-0CB9-2D81-CDD2-D30A9C153154}"
EndProject
Global
	GlobalSection(SolutionConfigurationPlatforms) = preSolution
		Debug|Any CPU = Debug|Any CPU
		Release|Any CPU = Release|Any CPU
	EndGlobalSection
	GlobalSection(ProjectConfigurationPlatforms) = postSolution
		{D047B67C-822A-2EB8-2194-ED463D60D869}.Debug|Any CPU.ActiveCfg = Debug|Any CPU
		{D047B67C-822A-2EB8-2194-ED463D60D869}.Debug|Any CPU.Build.0 = Debug|Any CPU
		{D047B67C-822A-2EB8-2194-ED463D60D869}.Release|Any CPU.ActiveCfg = Release|Any CPU
		{D047B67C-822A-2EB8-2194-ED463D60D869}.Release|Any CPU.Build.0 = Release|Any CPU
		{3C83D1AB-8285-DF0D-3ADF-7147862C05CB}.Debug|Any CPU.ActiveCfg = Debug|Any CPU
		{3C83D1AB-8285-DF0D-3ADF-7147862C05CB}.Debug|Any CPU.Build.0 = Debug|Any CPU
		{3C83D1AB-8285-DF0D-3ADF-7147862C05CB}.Release|Any CPU.ActiveCfg = Release|Any CPU
		{3C83D1AB-8285-DF0D-3ADF-7147862C05CB}.Release|Any CPU.Build.0 = Release|Any CPU
		{2C1377E9-0CB9-2D81-CDD2-D30A9C153154}.Debug|Any CPU.ActiveCfg = Debug|Any CPU
		{2C1377E9-0CB9-2D81-CDD2-D30A9C153154}.Debug|Any CPU.Build.0 = Debug|Any CPU
		{2C1377E9-0CB9-2D81-CDD2-D30A9C153154}.Release|Any CPU.ActiveCfg = Release|Any CPU
		{2C1377E9-0CB9-2D81-CDD2-D30A9C153154}.Release|Any CPU.Build.0 = Release|Any CPU
	EndGlobalSection
	GlobalSection(SolutionProperties) = preSolution
		HideSolutionNode = FALSE
	EndGlobalSection
EndGlobal
